
Microsoft Visual Studio Solution File, Format Version 12.00
# Visual Studio Version 16
VisualStudioVersion = 16.0.30804.86
MinimumVisualStudioVersion = 10.0.40219.1
Project("{9A19103F-16F7-4668-BE54-9A1E7A4F7556}") = "MartianRobots", "MartianRobots.csproj", "{EC27F2CD-81AC-462D-8AE8-50B03615D105}"
EndProject
Project("{FAE04EC0-301F-11D3-BF4B-00C04F79EFBC}") = "MartianRobots.UnitTest", "..\MartianRobots.UnitTest\MartianRobots.UnitTest.csproj", "{8A17B72A-FDF9-4E4F-B8F0-E199A829D806}"
EndProject
Global
	GlobalSection(SolutionConfigurationPlatforms) = preSolution
		Debug|Any CPU = Debug|Any CPU
		Release|Any CPU = Release|Any CPU
	EndGlobalSection
	GlobalSection(ProjectConfigurationPlatforms) = postSolution
		{EC27F2CD-81AC-462D-8AE8-50B03615D105}.Debug|Any CPU.ActiveCfg = Debug|Any CPU
		{EC27F2CD-81AC-462D-8AE8-50B03615D105}.Debug|Any CPU.Build.0 = Debug|Any CPU
		{EC27F2CD-81AC-462D-8AE8-50B03615D105}.Release|Any CPU.ActiveCfg = Release|Any CPU
		{EC27F2CD-81AC-462D-8AE8-50B03615D105}.Release|Any CPU.Build.0 = Release|Any CPU
		{8A17B72A-FDF9-4E4F-B8F0-E199A829D806}.Debug|Any CPU.ActiveCfg = Debug|Any CPU
		{8A17B72A-FDF9-4E4F-B8F0-E199A829D806}.Debug|Any CPU.Build.0 = Debug|Any CPU
		{8A17B72A-FDF9-4E4F-B8F0-E199A829D806}.Release|Any CPU.ActiveCfg = Release|Any CPU
		{8A17B72A-FDF9-4E4F-B8F0-E199A829D806}.Release|Any CPU.Build.0 = Release|Any CPU
	EndGlobalSection
	GlobalSection(SolutionProperties) = preSolution
		HideSolutionNode = FALSE
	EndGlobalSection
	GlobalSection(ExtensibilityGlobals) = postSolution
		SolutionGuid = {CF12ACC6-1594-4438-9B76-E833AD58A800}
	EndGlobalSection
EndGlobal
